
Microsoft Visual Studio Solution File, Format Version 12.00
# Visual Studio Version 17
VisualStudioVersion = 17.12.35728.132 d17.12
MinimumVisualStudioVersion = 10.0.40219.1
Project("{FAE04EC0-301F-11D3-BF4B-00C04F79EFBC}") = "APIs", "APIs.csproj", "{A2EF20B8-4A00-415E-9894-D9C47D8FC615}"
EndProject
Global
	GlobalSection(SolutionConfigurationPlatforms) = preSolution
		Debug|Any CPU = Debug|Any CPU
		Release|Any CPU = Release|Any CPU
	EndGlobalSection
	GlobalSection(ProjectConfigurationPlatforms) = postSolution
		{A2EF20B8-4A00-415E-9894-D9C47D8FC615}.Debug|Any CPU.ActiveCfg = Debug|Any CPU
		{A2EF20B8-4A00-415E-9894-D9C47D8FC615}.Debug|Any CPU.Build.0 = Debug|Any CPU
		{A2EF20B8-4A00-415E-9894-D9C47D8FC615}.Release|Any CPU.ActiveCfg = Release|Any CPU
		{A2EF20B8-4A00-415E-9894-D9C47D8FC615}.Release|Any CPU.Build.0 = Release|Any CPU
	EndGlobalSection
	GlobalSection(SolutionProperties) = preSolution
		HideSolutionNode = FALSE
	EndGlobalSection
EndGlobal
